
Microsoft Visual Studio Solution File, Format Version 12.00
# Visual Studio Version 17
VisualStudioVersion = 17.7.34202.233
MinimumVisualStudioVersion = 10.0.40219.1
Project("{9A19103F-16F7-4668-BE54-9A1E7A4F7556}") = "marcaconsulta-web-dotnet", "1) marcaconsulta-web-dotnet\marcaconsulta-web-dotnet.csproj", "{EACDAB23-8EA8-4CC8-8619-4DCCA51A1BCE}"
EndProject
Global
	GlobalSection(SolutionConfigurationPlatforms) = preSolution
		Debug|Any CPU = Debug|Any CPU
		Release|Any CPU = Release|Any CPU
	EndGlobalSection
	GlobalSection(ProjectConfigurationPlatforms) = postSolution
		{EACDAB23-8EA8-4CC8-8619-4DCCA51A1BCE}.Debug|Any CPU.ActiveCfg = Debug|Any CPU
		{EACDAB23-8EA8-4CC8-8619-4DCCA51A1BCE}.Debug|Any CPU.Build.0 = Debug|Any CPU
		{EACDAB23-8EA8-4CC8-8619-4DCCA51A1BCE}.Release|Any CPU.ActiveCfg = Release|Any CPU
		{EACDAB23-8EA8-4CC8-8619-4DCCA51A1BCE}.Release|Any CPU.Build.0 = Release|Any CPU
	EndGlobalSection
	GlobalSection(SolutionProperties) = preSolution
		HideSolutionNode = FALSE
	EndGlobalSection
	GlobalSection(ExtensibilityGlobals) = postSolution
		SolutionGuid = {746B5B64-C51B-46CC-867F-5D225D9700FC}
	EndGlobalSection
EndGlobal
